// !$*UTF8*$!
{
	archiveVersion = 1;
	classes = {
	};
	objectVersion = 48;
	objects = {

/* Begin PBXBuildFile section */
		CA2C317321B5158500F78F79 /* WTFeatureGuideViewController.m in Sources */ = {isa = PBXBuildFile; fileRef = CA2C317121B5158500F78F79 /* WTFeatureGuideViewController.m */; };
		CA4D01261FD7DB6D00CAA5CF /* UIButton+Event.m in Sources */ = {isa = PBXBuildFile; fileRef = CA4D01251FD7DB6D00CAA5CF /* UIButton+Event.m */; };
		CA7D2D1F213E720E00BC2640 /* WTPublicCell.m in Sources */ = {isa = PBXBuildFile; fileRef = CA7D2D1E213E720E00BC2640 /* WTPublicCell.m */; };
		CA7D2D22213E746A00BC2640 /* TopSheetViewController.m in Sources */ = {isa = PBXBuildFile; fileRef = CA7D2D21213E746A00BC2640 /* TopSheetViewController.m */; };
		CA7D2D26213E755600BC2640 /* UIView+BorderLine.m in Sources */ = {isa = PBXBuildFile; fileRef = CA7D2D25213E755600BC2640 /* UIView+BorderLine.m */; };
		CA7D2D2C213E772B00BC2640 /* PublicCellListTableViewController.m in Sources */ = {isa = PBXBuildFile; fileRef = CA7D2D2B213E772B00BC2640 /* PublicCellListTableViewController.m */; };
		CA7D2D30213E7E7200BC2640 /* TopSheetDemoViewController.m in Sources */ = {isa = PBXBuildFile; fileRef = CA7D2D2E213E7E7200BC2640 /* TopSheetDemoViewController.m */; };
		CA7D2D31213E7E7200BC2640 /* TopSheetDemoViewController.xib in Resources */ = {isa = PBXBuildFile; fileRef = CA7D2D2F213E7E7200BC2640 /* TopSheetDemoViewController.xib */; };
		CAA1558B1FB1863700FCB984 /* StepperView.m in Sources */ = {isa = PBXBuildFile; fileRef = CAA155891FB1638700FCB984 /* StepperView.m */; };
		CAA1558C1FB1863E00FCB984 /* StepperView.xib in Resources */ = {isa = PBXBuildFile; fileRef = CAA1558A1FB1638700FCB984 /* StepperView.xib */; };
		CAA155901FB18EE800FCB984 /* StarView.m in Sources */ = {isa = PBXBuildFile; fileRef = CAA1558F1FB18EE800FCB984 /* StarView.m */; };
		CAA155981FB195E900FCB984 /* MenuSelectItem.m in Sources */ = {isa = PBXBuildFile; fileRef = CAA155931FB195E900FCB984 /* MenuSelectItem.m */; };
		CAA155991FB195E900FCB984 /* MenuSelectTableViewCell.m in Sources */ = {isa = PBXBuildFile; fileRef = CAA155951FB195E900FCB984 /* MenuSelectTableViewCell.m */; };
		CAA1559A1FB195E900FCB984 /* MenuSelectViewController.m in Sources */ = {isa = PBXBuildFile; fileRef = CAA155971FB195E900FCB984 /* MenuSelectViewController.m */; };
		CABA35CA20AEAB500020F08F /* ChooseMenuViewController.m in Sources */ = {isa = PBXBuildFile; fileRef = CABA35C920AEAB500020F08F /* ChooseMenuViewController.m */; };
		CABA35CE20AEABCC0020F08F /* MenuToolBar.m in Sources */ = {isa = PBXBuildFile; fileRef = CABA35CD20AEABCC0020F08F /* MenuToolBar.m */; };
		CABA35D120AEABF60020F08F /* CompanySelectTypeItem.m in Sources */ = {isa = PBXBuildFile; fileRef = CABA35CF20AEABF60020F08F /* CompanySelectTypeItem.m */; };
		CABA35D520AEAC030020F08F /* CompanySelectTypeCell.xib in Resources */ = {isa = PBXBuildFile; fileRef = CABA35D220AEAC020020F08F /* CompanySelectTypeCell.xib */; };
		CABA35D620AEAC030020F08F /* CompanySelectTypeCell.m in Sources */ = {isa = PBXBuildFile; fileRef = CABA35D420AEAC030020F08F /* CompanySelectTypeCell.m */; };
		CABA35EF20AEAD080020F08F /* MJPropertyType.m in Sources */ = {isa = PBXBuildFile; fileRef = CABA35DC20AEAD080020F08F /* MJPropertyType.m */; };
		CABA35F020AEAD080020F08F /* NSObject+MJKeyValue.m in Sources */ = {isa = PBXBuildFile; fileRef = CABA35DF20AEAD080020F08F /* NSObject+MJKeyValue.m */; };
		CABA35F120AEAD080020F08F /* MJProperty.m in Sources */ = {isa = PBXBuildFile; fileRef = CABA35E020AEAD080020F08F /* MJProperty.m */; };
		CABA35F220AEAD080020F08F /* NSObject+MJCoding.m in Sources */ = {isa = PBXBuildFile; fileRef = CABA35E220AEAD080020F08F /* NSObject+MJCoding.m */; };
		CABA35F320AEAD080020F08F /* MJExtensionConst.m in Sources */ = {isa = PBXBuildFile; fileRef = CABA35E420AEAD080020F08F /* MJExtensionConst.m */; };
		CABA35F420AEAD080020F08F /* NSObject+MJProperty.m in Sources */ = {isa = PBXBuildFile; fileRef = CABA35E520AEAD080020F08F /* NSObject+MJProperty.m */; };
		CABA35F520AEAD080020F08F /* NSObject+MJClass.m in Sources */ = {isa = PBXBuildFile; fileRef = CABA35E720AEAD080020F08F /* NSObject+MJClass.m */; };
		CABA35F620AEAD080020F08F /* NSString+MJExtension.m in Sources */ = {isa = PBXBuildFile; fileRef = CABA35E820AEAD080020F08F /* NSString+MJExtension.m */; };
		CABA35F720AEAD080020F08F /* MJPropertyKey.m in Sources */ = {isa = PBXBuildFile; fileRef = CABA35E920AEAD080020F08F /* MJPropertyKey.m */; };
		CABA35F820AEAD080020F08F /* Info.plist in Resources */ = {isa = PBXBuildFile; fileRef = CABA35ED20AEAD080020F08F /* Info.plist */; };
		CABA35F920AEAD080020F08F /* MJFoundation.m in Sources */ = {isa = PBXBuildFile; fileRef = CABA35EE20AEAD080020F08F /* MJFoundation.m */; };
		CABA362120AEAD450020F08F /* CompanySelectType.plist in Resources */ = {isa = PBXBuildFile; fileRef = CABA362020AEAD450020F08F /* CompanySelectType.plist */; };
		CABA366420AEAF050020F08F /* NSLayoutConstraint+MASDebugAdditions.m in Sources */ = {isa = PBXBuildFile; fileRef = CABA364B20AEAF040020F08F /* NSLayoutConstraint+MASDebugAdditions.m */; };
		CABA366520AEAF050020F08F /* ViewController+MASAdditions.m in Sources */ = {isa = PBXBuildFile; fileRef = CABA365420AEAF040020F08F /* ViewController+MASAdditions.m */; };
		CABA366620AEAF050020F08F /* MASCompositeConstraint.m in Sources */ = {isa = PBXBuildFile; fileRef = CABA365820AEAF040020F08F /* MASCompositeConstraint.m */; };
		CABA366720AEAF050020F08F /* MASConstraintMaker.m in Sources */ = {isa = PBXBuildFile; fileRef = CABA365920AEAF040020F08F /* MASConstraintMaker.m */; };
		CABA366820AEAF050020F08F /* MASLayoutConstraint.m in Sources */ = {isa = PBXBuildFile; fileRef = CABA365A20AEAF040020F08F /* MASLayoutConstraint.m */; };
		CABA366920AEAF050020F08F /* NSArray+MASAdditions.m in Sources */ = {isa = PBXBuildFile; fileRef = CABA365B20AEAF040020F08F /* NSArray+MASAdditions.m */; };
		CABA366A20AEAF050020F08F /* View+MASAdditions.m in Sources */ = {isa = PBXBuildFile; fileRef = CABA365C20AEAF040020F08F /* View+MASAdditions.m */; };
		CABA366B20AEAF050020F08F /* MASConstraint.m in Sources */ = {isa = PBXBuildFile; fileRef = CABA365F20AEAF040020F08F /* MASConstraint.m */; };
		CABA366C20AEAF050020F08F /* MASViewConstraint.m in Sources */ = {isa = PBXBuildFile; fileRef = CABA366120AEAF040020F08F /* MASViewConstraint.m */; };
		CABA366D20AEAF050020F08F /* MASViewAttribute.m in Sources */ = {isa = PBXBuildFile; fileRef = CABA366220AEAF040020F08F /* MASViewAttribute.m */; };
		CABA366E20AEAF050020F08F /* Info.plist in Resources */ = {isa = PBXBuildFile; fileRef = CABA366320AEAF040020F08F /* Info.plist */; };
		CABA367520B00ACE0020F08F /* selected_btn@2x.png in Resources */ = {isa = PBXBuildFile; fileRef = CABA367320B00ACE0020F08F /* selected_btn@2x.png */; };
		CABA367620B00ACE0020F08F /* selected_btn@3x.png in Resources */ = {isa = PBXBuildFile; fileRef = CABA367420B00ACE0020F08F /* selected_btn@3x.png */; };
		CAC0FE8D1FB1A308000CF49D /* SegmentedController.m in Sources */ = {isa = PBXBuildFile; fileRef = CAC0FE8C1FB1A308000CF49D /* SegmentedController.m */; };
		CAC0FE921FB1A57C000CF49D /* UIView+Frame.m in Sources */ = {isa = PBXBuildFile; fileRef = CAC0FE911FB1A574000CF49D /* UIView+Frame.m */; };
		CAC0FE951FB1A7CF000CF49D /* TestViewController.m in Sources */ = {isa = PBXBuildFile; fileRef = CAC0FE941FB1A7CF000CF49D /* TestViewController.m */; };
		CAE945AE214B5E8D000D17BE /* TitlePickerViewController.m in Sources */ = {isa = PBXBuildFile; fileRef = CAE945AD214B5E8D000D17BE /* TitlePickerViewController.m */; };
		CAF555DC1FB1448C00CD57F9 /* AppDelegate.m in Sources */ = {isa = PBXBuildFile; fileRef = CAF555DB1FB1448C00CD57F9 /* AppDelegate.m */; };
		CAF555DF1FB1448C00CD57F9 /* ViewController.m in Sources */ = {isa = PBXBuildFile; fileRef = CAF555DE1FB1448C00CD57F9 /* ViewController.m */; };
		CAF555E21FB1448C00CD57F9 /* Main.storyboard in Resources */ = {isa = PBXBuildFile; fileRef = CAF555E01FB1448C00CD57F9 /* Main.storyboard */; };
		CAF555E41FB1448C00CD57F9 /* Assets.xcassets in Resources */ = {isa = PBXBuildFile; fileRef = CAF555E31FB1448C00CD57F9 /* Assets.xcassets */; };
		CAF555E71FB1448C00CD57F9 /* LaunchScreen.storyboard in Resources */ = {isa = PBXBuildFile; fileRef = CAF555E51FB1448C00CD57F9 /* LaunchScreen.storyboard */; };
		CAF555EA1FB1448C00CD57F9 /* main.m in Sources */ = {isa = PBXBuildFile; fileRef = CAF555E91FB1448C00CD57F9 /* main.m */; };
		CAF556031FB1500700CD57F9 /* HotelCalendarCell.m in Sources */ = {isa = PBXBuildFile; fileRef = CAF555F61FB14F5800CD57F9 /* HotelCalendarCell.m */; };
		CAF556041FB1500700CD57F9 /* HotelCalendarHeaderReusableView.m in Sources */ = {isa = PBXBuildFile; fileRef = CAF555F91FB14F5800CD57F9 /* HotelCalendarHeaderReusableView.m */; };
		CAF556051FB1500700CD57F9 /* NSCalendar+Ex.m in Sources */ = {isa = PBXBuildFile; fileRef = CAF555FD1FB14F5800CD57F9 /* NSCalendar+Ex.m */; };
		CAF556061FB1500700CD57F9 /* HotelCalendarCollectionViewFlowLayout.m in Sources */ = {isa = PBXBuildFile; fileRef = CAF556001FB14F5800CD57F9 /* HotelCalendarCollectionViewFlowLayout.m */; };
		CAF556081FB1501700CD57F9 /* HotelCalendarCell.xib in Resources */ = {isa = PBXBuildFile; fileRef = CAF555F71FB14F5800CD57F9 /* HotelCalendarCell.xib */; };
		CAF556091FB1501700CD57F9 /* HotelCalendarHeaderReusableView.xib in Resources */ = {isa = PBXBuildFile; fileRef = CAF555FA1FB14F5800CD57F9 /* HotelCalendarHeaderReusableView.xib */; };
		CAF5560C1FB1516000CD57F9 /* ViewController+HotelCalendarViewController.m in Sources */ = {isa = PBXBuildFile; fileRef = CAF5560B1FB1516000CD57F9 /* ViewController+HotelCalendarViewController.m */; };
		CAF5560F1FB153C700CD57F9 /* HotelCalendarViewController.m in Sources */ = {isa = PBXBuildFile; fileRef = CAF5560E1FB153C700CD57F9 /* HotelCalendarViewController.m */; };
		CAF556151FB15BA200CD57F9 /* DatePickerViewController.m in Sources */ = {isa = PBXBuildFile; fileRef = CAF556141FB15BA200CD57F9 /* DatePickerViewController.m */; };
/* End PBXBuildFile section */

/* Begin PBXFileReference section */
		CA2C317121B5158500F78F79 /* WTFeatureGuideViewController.m */ = {isa = PBXFileReference; fileEncoding = 4; lastKnownFileType = sourcecode.c.objc; path = WTFeatureGuideViewController.m; sourceTree = "<group>"; };
		CA2C317221B5158500F78F79 /* WTFeatureGuideViewController.h */ = {isa = PBXFileReference; fileEncoding = 4; lastKnownFileType = sourcecode.c.h; path = WTFeatureGuideViewController.h; sourceTree = "<group>"; };
		CA4D01241FD7DB6D00CAA5CF /* UIButton+Event.h */ = {isa = PBXFileReference; lastKnownFileType = sourcecode.c.h; path = "UIButton+Event.h"; sourceTree = "<group>"; };
		CA4D01251FD7DB6D00CAA5CF /* UIButton+Event.m */ = {isa = PBXFileReference; lastKnownFileType = sourcecode.c.objc; path = "UIButton+Event.m"; sourceTree = "<group>"; };
		CA7D2D1D213E720E00BC2640 /* WTPublicCell.h */ = {isa = PBXFileReference; lastKnownFileType = sourcecode.c.h; path = WTPublicCell.h; sourceTree = "<group>"; };
		CA7D2D1E213E720E00BC2640 /* WTPublicCell.m */ = {isa = PBXFileReference; lastKnownFileType = sourcecode.c.objc; path = WTPublicCell.m; sourceTree = "<group>"; };
		CA7D2D20213E746A00BC2640 /* TopSheetViewController.h */ = {isa = PBXFileReference; lastKnownFileType = sourcecode.c.h; path = TopSheetViewController.h; sourceTree = "<group>"; };
		CA7D2D21213E746A00BC2640 /* TopSheetViewController.m */ = {isa = PBXFileReference; lastKnownFileType = sourcecode.c.objc; path = TopSheetViewController.m; sourceTree = "<group>"; };
		CA7D2D24213E755600BC2640 /* UIView+BorderLine.h */ = {isa = PBXFileReference; lastKnownFileType = sourcecode.c.h; path = "UIView+BorderLine.h"; sourceTree = "<group>"; };
		CA7D2D25213E755600BC2640 /* UIView+BorderLine.m */ = {isa = PBXFileReference; lastKnownFileType = sourcecode.c.objc; path = "UIView+BorderLine.m"; sourceTree = "<group>"; };
		CA7D2D2A213E772B00BC2640 /* PublicCellListTableViewController.h */ = {isa = PBXFileReference; lastKnownFileType = sourcecode.c.h; path = PublicCellListTableViewController.h; sourceTree = "<group>"; };
		CA7D2D2B213E772B00BC2640 /* PublicCellListTableViewController.m */ = {isa = PBXFileReference; lastKnownFileType = sourcecode.c.objc; path = PublicCellListTableViewController.m; sourceTree = "<group>"; };
		CA7D2D2D213E7E7200BC2640 /* TopSheetDemoViewController.h */ = {isa = PBXFileReference; lastKnownFileType = sourcecode.c.h; path = TopSheetDemoViewController.h; sourceTree = "<group>"; };
		CA7D2D2E213E7E7200BC2640 /* TopSheetDemoViewController.m */ = {isa = PBXFileReference; lastKnownFileType = sourcecode.c.objc; path = TopSheetDemoViewController.m; sourceTree = "<group>"; };
		CA7D2D2F213E7E7200BC2640 /* TopSheetDemoViewController.xib */ = {isa = PBXFileReference; lastKnownFileType = file.xib; path = TopSheetDemoViewController.xib; sourceTree = "<group>"; };
		CAA155881FB1638700FCB984 /* StepperView.h */ = {isa = PBXFileReference; lastKnownFileType = sourcecode.c.h; path = StepperView.h; sourceTree = "<group>"; };
		CAA155891FB1638700FCB984 /* StepperView.m */ = {isa = PBXFileReference; lastKnownFileType = sourcecode.c.objc; path = StepperView.m; sourceTree = "<group>"; };
		CAA1558A1FB1638700FCB984 /* StepperView.xib */ = {isa = PBXFileReference; lastKnownFileType = file.xib; path = StepperView.xib; sourceTree = "<group>"; };
		CAA1558E1FB18EE800FCB984 /* StarView.h */ = {isa = PBXFileReference; fileEncoding = 4; lastKnownFileType = sourcecode.c.h; path = StarView.h; sourceTree = "<group>"; };
		CAA1558F1FB18EE800FCB984 /* StarView.m */ = {isa = PBXFileReference; fileEncoding = 4; lastKnownFileType = sourcecode.c.objc; path = StarView.m; sourceTree = "<group>"; };
		CAA155921FB195E900FCB984 /* MenuSelectItem.h */ = {isa = PBXFileReference; fileEncoding = 4; lastKnownFileType = sourcecode.c.h; path = MenuSelectItem.h; sourceTree = "<group>"; };
		CAA155931FB195E900FCB984 /* MenuSelectItem.m */ = {isa = PBXFileReference; fileEncoding = 4; lastKnownFileType = sourcecode.c.objc; path = MenuSelectItem.m; sourceTree = "<group>"; };
		CAA155941FB195E900FCB984 /* MenuSelectTableViewCell.h */ = {isa = PBXFileReference; fileEncoding = 4; lastKnownFileType = sourcecode.c.h; path = MenuSelectTableViewCell.h; sourceTree = "<group>"; };
		CAA155951FB195E900FCB984 /* MenuSelectTableViewCell.m */ = {isa = PBXFileReference; fileEncoding = 4; lastKnownFileType = sourcecode.c.objc; path = MenuSelectTableViewCell.m; sourceTree = "<group>"; };
		CAA155961FB195E900FCB984 /* MenuSelectViewController.h */ = {isa = PBXFileReference; fileEncoding = 4; lastKnownFileType = sourcecode.c.h; path = MenuSelectViewController.h; sourceTree = "<group>"; };
		CAA155971FB195E900FCB984 /* MenuSelectViewController.m */ = {isa = PBXFileReference; fileEncoding = 4; lastKnownFileType = sourcecode.c.objc; path = MenuSelectViewController.m; sourceTree = "<group>"; };
		CABA35C820AEAB500020F08F /* ChooseMenuViewController.h */ = {isa = PBXFileReference; lastKnownFileType = sourcecode.c.h; path = ChooseMenuViewController.h; sourceTree = "<group>"; };
		CABA35C920AEAB500020F08F /* ChooseMenuViewController.m */ = {isa = PBXFileReference; lastKnownFileType = sourcecode.c.objc; path = ChooseMenuViewController.m; sourceTree = "<group>"; };
		CABA35CC20AEABCC0020F08F /* MenuToolBar.h */ = {isa = PBXFileReference; lastKnownFileType = sourcecode.c.h; path = MenuToolBar.h; sourceTree = "<group>"; };
		CABA35CD20AEABCC0020F08F /* MenuToolBar.m */ = {isa = PBXFileReference; lastKnownFileType = sourcecode.c.objc; path = MenuToolBar.m; sourceTree = "<group>"; };
		CABA35CF20AEABF60020F08F /* CompanySelectTypeItem.m */ = {isa = PBXFileReference; fileEncoding = 4; lastKnownFileType = sourcecode.c.objc; path = CompanySelectTypeItem.m; sourceTree = "<group>"; };
		CABA35D020AEABF60020F08F /* CompanySelectTypeItem.h */ = {isa = PBXFileReference; fileEncoding = 4; lastKnownFileType = sourcecode.c.h; path = CompanySelectTypeItem.h; sourceTree = "<group>"; };
		CABA35D220AEAC020020F08F /* CompanySelectTypeCell.xib */ = {isa = PBXFileReference; fileEncoding = 4; lastKnownFileType = file.xib; path = CompanySelectTypeCell.xib; sourceTree = "<group>"; };
		CABA35D320AEAC030020F08F /* CompanySelectTypeCell.h */ = {isa = PBXFileReference; fileEncoding = 4; lastKnownFileType = sourcecode.c.h; path = CompanySelectTypeCell.h; sourceTree = "<group>"; };
		CABA35D420AEAC030020F08F /* CompanySelectTypeCell.m */ = {isa = PBXFileReference; fileEncoding = 4; lastKnownFileType = sourcecode.c.objc; path = CompanySelectTypeCell.m; sourceTree = "<group>"; };
		CABA35D920AEAD080020F08F /* MJPropertyKey.h */ = {isa = PBXFileReference; fileEncoding = 4; lastKnownFileType = sourcecode.c.h; path = MJPropertyKey.h; sourceTree = "<group>"; };
		CABA35DA20AEAD080020F08F /* NSObject+MJClass.h */ = {isa = PBXFileReference; fileEncoding = 4; lastKnownFileType = sourcecode.c.h; path = "NSObject+MJClass.h"; sourceTree = "<group>"; };
		CABA35DB20AEAD080020F08F /* NSString+MJExtension.h */ = {isa = PBXFileReference; fileEncoding = 4; lastKnownFileType = sourcecode.c.h; path = "NSString+MJExtension.h"; sourceTree = "<group>"; };
		CABA35DC20AEAD080020F08F /* MJPropertyType.m */ = {isa = PBXFileReference; fileEncoding = 4; lastKnownFileType = sourcecode.c.objc; path = MJPropertyType.m; sourceTree = "<group>"; };
		CABA35DD20AEAD080020F08F /* NSObject+MJProperty.h */ = {isa = PBXFileReference; fileEncoding = 4; lastKnownFileType = sourcecode.c.h; path = "NSObject+MJProperty.h"; sourceTree = "<group>"; };
		CABA35DE20AEAD080020F08F /* MJExtensionConst.h */ = {isa = PBXFileReference; fileEncoding = 4; lastKnownFileType = sourcecode.c.h; path = MJExtensionConst.h; sourceTree = "<group>"; };
		CABA35DF20AEAD080020F08F /* NSObject+MJKeyValue.m */ = {isa = PBXFileReference; fileEncoding = 4; lastKnownFileType = sourcecode.c.objc; path = "NSObject+MJKeyValue.m"; sourceTree = "<group>"; };
		CABA35E020AEAD080020F08F /* MJProperty.m */ = {isa = PBXFileReference; fileEncoding = 4; lastKnownFileType = sourcecode.c.objc; path = MJProperty.m; sourceTree = "<group>"; };
		CABA35E120AEAD080020F08F /* MJFoundation.h */ = {isa = PBXFileReference; fileEncoding = 4; lastKnownFileType = sourcecode.c.h; path = MJFoundation.h; sourceTree = "<group>"; };
		CABA35E220AEAD080020F08F /* NSObject+MJCoding.m */ = {isa = PBXFileReference; fileEncoding = 4; lastKnownFileType = sourcecode.c.objc; path = "NSObject+MJCoding.m"; sourceTree = "<group>"; };
		CABA35E320AEAD080020F08F /* MJExtension.h */ = {isa = PBXFileReference; fileEncoding = 4; lastKnownFileType = sourcecode.c.h; path = MJExtension.h; sourceTree = "<group>"; };
		CABA35E420AEAD080020F08F /* MJExtensionConst.m */ = {isa = PBXFileReference; fileEncoding = 4; lastKnownFileType = sourcecode.c.objc; path = MJExtensionConst.m; sourceTree = "<group>"; };
		CABA35E520AEAD080020F08F /* NSObject+MJProperty.m */ = {isa = PBXFileReference; fileEncoding = 4; lastKnownFileType = sourcecode.c.objc; path = "NSObject+MJProperty.m"; sourceTree = "<group>"; };
		CABA35E620AEAD080020F08F /* MJPropertyType.h */ = {isa = PBXFileReference; fileEncoding = 4; lastKnownFileType = sourcecode.c.h; path = MJPropertyType.h; sourceTree = "<group>"; };
		CABA35E720AEAD080020F08F /* NSObject+MJClass.m */ = {isa = PBXFileReference; fileEncoding = 4; lastKnownFileType = sourcecode.c.objc; path = "NSObject+MJClass.m"; sourceTree = "<group>"; };
		CABA35E820AEAD080020F08F /* NSString+MJExtension.m */ = {isa = PBXFileReference; fileEncoding = 4; lastKnownFileType = sourcecode.c.objc; path = "NSString+MJExtension.m"; sourceTree = "<group>"; };
		CABA35E920AEAD080020F08F /* MJPropertyKey.m */ = {isa = PBXFileReference; fileEncoding = 4; lastKnownFileType = sourcecode.c.objc; path = MJPropertyKey.m; sourceTree = "<group>"; };
		CABA35EA20AEAD080020F08F /* MJProperty.h */ = {isa = PBXFileReference; fileEncoding = 4; lastKnownFileType = sourcecode.c.h; path = MJProperty.h; sourceTree = "<group>"; };
		CABA35EB20AEAD080020F08F /* NSObject+MJKeyValue.h */ = {isa = PBXFileReference; fileEncoding = 4; lastKnownFileType = sourcecode.c.h; path = "NSObject+MJKeyValue.h"; sourceTree = "<group>"; };
		CABA35EC20AEAD080020F08F /* NSObject+MJCoding.h */ = {isa = PBXFileReference; fileEncoding = 4; lastKnownFileType = sourcecode.c.h; path = "NSObject+MJCoding.h"; sourceTree = "<group>"; };
		CABA35ED20AEAD080020F08F /* Info.plist */ = {isa = PBXFileReference; fileEncoding = 4; lastKnownFileType = text.plist.xml; path = Info.plist; sourceTree = "<group>"; };
		CABA35EE20AEAD080020F08F /* MJFoundation.m */ = {isa = PBXFileReference; fileEncoding = 4; lastKnownFileType = sourcecode.c.objc; path = MJFoundation.m; sourceTree = "<group>"; };
		CABA362020AEAD450020F08F /* CompanySelectType.plist */ = {isa = PBXFileReference; fileEncoding = 4; lastKnownFileType = text.plist.xml; path = CompanySelectType.plist; sourceTree = "<group>"; };
		CABA364A20AEAF040020F08F /* MASCompositeConstraint.h */ = {isa = PBXFileReference; fileEncoding = 4; lastKnownFileType = sourcecode.c.h; path = MASCompositeConstraint.h; sourceTree = "<group>"; };
		CABA364B20AEAF040020F08F /* NSLayoutConstraint+MASDebugAdditions.m */ = {isa = PBXFileReference; fileEncoding = 4; lastKnownFileType = sourcecode.c.objc; path = "NSLayoutConstraint+MASDebugAdditions.m"; sourceTree = "<group>"; };
		CABA364C20AEAF040020F08F /* MASConstraint+Private.h */ = {isa = PBXFileReference; fileEncoding = 4; lastKnownFileType = sourcecode.c.h; path = "MASConstraint+Private.h"; sourceTree = "<group>"; };
		CABA364D20AEAF040020F08F /* MASLayoutConstraint.h */ = {isa = PBXFileReference; fileEncoding = 4; lastKnownFileType = sourcecode.c.h; path = MASLayoutConstraint.h; sourceTree = "<group>"; };
		CABA364E20AEAF040020F08F /* NSArray+MASShorthandAdditions.h */ = {isa = PBXFileReference; fileEncoding = 4; lastKnownFileType = sourcecode.c.h; path = "NSArray+MASShorthandAdditions.h"; sourceTree = "<group>"; };
		CABA364F20AEAF040020F08F /* MASConstraintMaker.h */ = {isa = PBXFileReference; fileEncoding = 4; lastKnownFileType = sourcecode.c.h; path = MASConstraintMaker.h; sourceTree = "<group>"; };
		CABA365020AEAF040020F08F /* View+MASAdditions.h */ = {isa = PBXFileReference; fileEncoding = 4; lastKnownFileType = sourcecode.c.h; path = "View+MASAdditions.h"; sourceTree = "<group>"; };
		CABA365120AEAF040020F08F /* NSArray+MASAdditions.h */ = {isa = PBXFileReference; fileEncoding = 4; lastKnownFileType = sourcecode.c.h; path = "NSArray+MASAdditions.h"; sourceTree = "<group>"; };
		CABA365220AEAF040020F08F /* MASUtilities.h */ = {isa = PBXFileReference; fileEncoding = 4; lastKnownFileType = sourcecode.c.h; path = MASUtilities.h; sourceTree = "<group>"; };
		CABA365320AEAF040020F08F /* MASViewAttribute.h */ = {isa = PBXFileReference; fileEncoding = 4; lastKnownFileType = sourcecode.c.h; path = MASViewAttribute.h; sourceTree = "<group>"; };
		CABA365420AEAF040020F08F /* ViewController+MASAdditions.m */ = {isa = PBXFileReference; fileEncoding = 4; lastKnownFileType = sourcecode.c.objc; path = "ViewController+MASAdditions.m"; sourceTree = "<group>"; };
		CABA365520AEAF040020F08F /* MASViewConstraint.h */ = {isa = PBXFileReference; fileEncoding = 4; lastKnownFileType = sourcecode.c.h; path = MASViewConstraint.h; sourceTree = "<group>"; };
		CABA365620AEAF040020F08F /* MASConstraint.h */ = {isa = PBXFileReference; fileEncoding = 4; lastKnownFileType = sourcecode.c.h; path = MASConstraint.h; sourceTree = "<group>"; };
		CABA365720AEAF040020F08F /* NSLayoutConstraint+MASDebugAdditions.h */ = {isa = PBXFileReference; fileEncoding = 4; lastKnownFileType = sourcecode.c.h; path = "NSLayoutConstraint+MASDebugAdditions.h"; sourceTree = "<group>"; };
		CABA365820AEAF040020F08F /* MASCompositeConstraint.m */ = {isa = PBXFileReference; fileEncoding = 4; lastKnownFileType = sourcecode.c.objc; path = MASCompositeConstraint.m; sourceTree = "<group>"; };
		CABA365920AEAF040020F08F /* MASConstraintMaker.m */ = {isa = PBXFileReference; fileEncoding = 4; lastKnownFileType = sourcecode.c.objc; path = MASConstraintMaker.m; sourceTree = "<group>"; };
		CABA365A20AEAF040020F08F /* MASLayoutConstraint.m */ = {isa = PBXFileReference; fileEncoding = 4; lastKnownFileType = sourcecode.c.objc; path = MASLayoutConstraint.m; sourceTree = "<group>"; };
		CABA365B20AEAF040020F08F /* NSArray+MASAdditions.m */ = {isa = PBXFileReference; fileEncoding = 4; lastKnownFileType = sourcecode.c.objc; path = "NSArray+MASAdditions.m"; sourceTree = "<group>"; };
		CABA365C20AEAF040020F08F /* View+MASAdditions.m */ = {isa = PBXFileReference; fileEncoding = 4; lastKnownFileType = sourcecode.c.objc; path = "View+MASAdditions.m"; sourceTree = "<group>"; };
		CABA365D20AEAF040020F08F /* View+MASShorthandAdditions.h */ = {isa = PBXFileReference; fileEncoding = 4; lastKnownFileType = sourcecode.c.h; path = "View+MASShorthandAdditions.h"; sourceTree = "<group>"; };
		CABA365E20AEAF040020F08F /* Masonry.h */ = {isa = PBXFileReference; fileEncoding = 4; lastKnownFileType = sourcecode.c.h; path = Masonry.h; sourceTree = "<group>"; };
		CABA365F20AEAF040020F08F /* MASConstraint.m */ = {isa = PBXFileReference; fileEncoding = 4; lastKnownFileType = sourcecode.c.objc; path = MASConstraint.m; sourceTree = "<group>"; };
		CABA366020AEAF040020F08F /* ViewController+MASAdditions.h */ = {isa = PBXFileReference; fileEncoding = 4; lastKnownFileType = sourcecode.c.h; path = "ViewController+MASAdditions.h"; sourceTree = "<group>"; };
		CABA366120AEAF040020F08F /* MASViewConstraint.m */ = {isa = PBXFileReference; fileEncoding = 4; lastKnownFileType = sourcecode.c.objc; path = MASViewConstraint.m; sourceTree = "<group>"; };
		CABA366220AEAF040020F08F /* MASViewAttribute.m */ = {isa = PBXFileReference; fileEncoding = 4; lastKnownFileType = sourcecode.c.objc; path = MASViewAttribute.m; sourceTree = "<group>"; };
		CABA366320AEAF040020F08F /* Info.plist */ = {isa = PBXFileReference; fileEncoding = 4; lastKnownFileType = text.plist.xml; path = Info.plist; sourceTree = "<group>"; };
		CABA367320B00ACE0020F08F /* selected_btn@2x.png */ = {isa = PBXFileReference; lastKnownFileType = image.png; path = "selected_btn@2x.png"; sourceTree = "<group>"; };
		CABA367420B00ACE0020F08F /* selected_btn@3x.png */ = {isa = PBXFileReference; lastKnownFileType = image.png; path = "selected_btn@3x.png"; sourceTree = "<group>"; };
		CAC0FE8B1FB1A308000CF49D /* SegmentedController.h */ = {isa = PBXFileReference; fileEncoding = 4; lastKnownFileType = sourcecode.c.h; path = SegmentedController.h; sourceTree = "<group>"; };
		CAC0FE8C1FB1A308000CF49D /* SegmentedController.m */ = {isa = PBXFileReference; fileEncoding = 4; lastKnownFileType = sourcecode.c.objc; path = SegmentedController.m; sourceTree = "<group>"; };
		CAC0FE901FB1A574000CF49D /* UIView+Frame.h */ = {isa = PBXFileReference; lastKnownFileType = sourcecode.c.h; path = "UIView+Frame.h"; sourceTree = "<group>"; };
		CAC0FE911FB1A574000CF49D /* UIView+Frame.m */ = {isa = PBXFileReference; lastKnownFileType = sourcecode.c.objc; path = "UIView+Frame.m"; sourceTree = "<group>"; };
		CAC0FE931FB1A7CF000CF49D /* TestViewController.h */ = {isa = PBXFileReference; lastKnownFileType = sourcecode.c.h; path = TestViewController.h; sourceTree = "<group>"; };
		CAC0FE941FB1A7CF000CF49D /* TestViewController.m */ = {isa = PBXFileReference; lastKnownFileType = sourcecode.c.objc; path = TestViewController.m; sourceTree = "<group>"; };
		CAE945AC214B5E8D000D17BE /* TitlePickerViewController.h */ = {isa = PBXFileReference; lastKnownFileType = sourcecode.c.h; path = TitlePickerViewController.h; sourceTree = "<group>"; };
		CAE945AD214B5E8D000D17BE /* TitlePickerViewController.m */ = {isa = PBXFileReference; lastKnownFileType = sourcecode.c.objc; path = TitlePickerViewController.m; sourceTree = "<group>"; };
		CAF555D71FB1448C00CD57F9 /* WTCustomUIKit.app */ = {isa = PBXFileReference; explicitFileType = wrapper.application; includeInIndex = 0; path = WTCustomUIKit.app; sourceTree = BUILT_PRODUCTS_DIR; };
		CAF555DA1FB1448C00CD57F9 /* AppDelegate.h */ = {isa = PBXFileReference; lastKnownFileType = sourcecode.c.h; path = AppDelegate.h; sourceTree = "<group>"; };
		CAF555DB1FB1448C00CD57F9 /* AppDelegate.m */ = {isa = PBXFileReference; lastKnownFileType = sourcecode.c.objc; path = AppDelegate.m; sourceTree = "<group>"; };
		CAF555DD1FB1448C00CD57F9 /* ViewController.h */ = {isa = PBXFileReference; lastKnownFileType = sourcecode.c.h; path = ViewController.h; sourceTree = "<group>"; };
		CAF555DE1FB1448C00CD57F9 /* ViewController.m */ = {isa = PBXFileReference; lastKnownFileType = sourcecode.c.objc; path = ViewController.m; sourceTree = "<group>"; };
		CAF555E11FB1448C00CD57F9 /* Base */ = {isa = PBXFileReference; lastKnownFileType = file.storyboard; name = Base; path = Base.lproj/Main.storyboard; sourceTree = "<group>"; };
		CAF555E31FB1448C00CD57F9 /* Assets.xcassets */ = {isa = PBXFileReference; lastKnownFileType = folder.assetcatalog; path = Assets.xcassets; sourceTree = "<group>"; };
		CAF555E61FB1448C00CD57F9 /* Base */ = {isa = PBXFileReference; lastKnownFileType = file.storyboard; name = Base; path = Base.lproj/LaunchScreen.storyboard; sourceTree = "<group>"; };
		CAF555E81FB1448C00CD57F9 /* Info.plist */ = {isa = PBXFileReference; lastKnownFileType = text.plist.xml; path = Info.plist; sourceTree = "<group>"; };
		CAF555E91FB1448C00CD57F9 /* main.m */ = {isa = PBXFileReference; lastKnownFileType = sourcecode.c.objc; path = main.m; sourceTree = "<group>"; };
		CAF555F51FB14F5800CD57F9 /* HotelCalendarCell.h */ = {isa = PBXFileReference; lastKnownFileType = sourcecode.c.h; path = HotelCalendarCell.h; sourceTree = "<group>"; };
		CAF555F61FB14F5800CD57F9 /* HotelCalendarCell.m */ = {isa = PBXFileReference; lastKnownFileType = sourcecode.c.objc; path = HotelCalendarCell.m; sourceTree = "<group>"; };
		CAF555F71FB14F5800CD57F9 /* HotelCalendarCell.xib */ = {isa = PBXFileReference; lastKnownFileType = file.xib; path = HotelCalendarCell.xib; sourceTree = "<group>"; };
		CAF555F81FB14F5800CD57F9 /* HotelCalendarHeaderReusableView.h */ = {isa = PBXFileReference; lastKnownFileType = sourcecode.c.h; path = HotelCalendarHeaderReusableView.h; sourceTree = "<group>"; };
		CAF555F91FB14F5800CD57F9 /* HotelCalendarHeaderReusableView.m */ = {isa = PBXFileReference; lastKnownFileType = sourcecode.c.objc; path = HotelCalendarHeaderReusableView.m; sourceTree = "<group>"; };
		CAF555FA1FB14F5800CD57F9 /* HotelCalendarHeaderReusableView.xib */ = {isa = PBXFileReference; lastKnownFileType = file.xib; path = HotelCalendarHeaderReusableView.xib; sourceTree = "<group>"; };
		CAF555FC1FB14F5800CD57F9 /* NSCalendar+Ex.h */ = {isa = PBXFileReference; lastKnownFileType = sourcecode.c.h; path = "NSCalendar+Ex.h"; sourceTree = "<group>"; };
		CAF555FD1FB14F5800CD57F9 /* NSCalendar+Ex.m */ = {isa = PBXFileReference; lastKnownFileType = sourcecode.c.objc; path = "NSCalendar+Ex.m"; sourceTree = "<group>"; };
		CAF555FF1FB14F5800CD57F9 /* HotelCalendarCollectionViewFlowLayout.h */ = {isa = PBXFileReference; lastKnownFileType = sourcecode.c.h; path = HotelCalendarCollectionViewFlowLayout.h; sourceTree = "<group>"; };
		CAF556001FB14F5800CD57F9 /* HotelCalendarCollectionViewFlowLayout.m */ = {isa = PBXFileReference; lastKnownFileType = sourcecode.c.objc; path = HotelCalendarCollectionViewFlowLayout.m; sourceTree = "<group>"; };
		CAF5560A1FB1516000CD57F9 /* ViewController+HotelCalendarViewController.h */ = {isa = PBXFileReference; lastKnownFileType = sourcecode.c.h; path = "ViewController+HotelCalendarViewController.h"; sourceTree = "<group>"; };
		CAF5560B1FB1516000CD57F9 /* ViewController+HotelCalendarViewController.m */ = {isa = PBXFileReference; lastKnownFileType = sourcecode.c.objc; path = "ViewController+HotelCalendarViewController.m"; sourceTree = "<group>"; };
		CAF5560D1FB153C700CD57F9 /* HotelCalendarViewController.h */ = {isa = PBXFileReference; lastKnownFileType = sourcecode.c.h; path = HotelCalendarViewController.h; sourceTree = "<group>"; };
		CAF5560E1FB153C700CD57F9 /* HotelCalendarViewController.m */ = {isa = PBXFileReference; lastKnownFileType = sourcecode.c.objc; path = HotelCalendarViewController.m; sourceTree = "<group>"; };
		CAF556131FB15BA200CD57F9 /* DatePickerViewController.h */ = {isa = PBXFileReference; lastKnownFileType = sourcecode.c.h; path = DatePickerViewController.h; sourceTree = "<group>"; };
		CAF556141FB15BA200CD57F9 /* DatePickerViewController.m */ = {isa = PBXFileReference; lastKnownFileType = sourcecode.c.objc; path = DatePickerViewController.m; sourceTree = "<group>"; };
/* End PBXFileReference section */

/* Begin PBXFrameworksBuildPhase section */
		CAF555D41FB1448C00CD57F9 /* Frameworks */ = {
			isa = PBXFrameworksBuildPhase;
			buildActionMask = 2147483647;
			files = (
			);
			runOnlyForDeploymentPostprocessing = 0;
		};
/* End PBXFrameworksBuildPhase section */

/* Begin PBXGroup section */
		CA2C316E21B5150700F78F79 /* FeatureGuide */ = {
			isa = PBXGroup;
			children = (
				CA2C317221B5158500F78F79 /* WTFeatureGuideViewController.h */,
				CA2C317121B5158500F78F79 /* WTFeatureGuideViewController.m */,
			);
			path = FeatureGuide;
			sourceTree = "<group>";
		};
		CA4D01231FD7DB4300CAA5CF /* UIButton */ = {
			isa = PBXGroup;
			children = (
				CA4D01241FD7DB6D00CAA5CF /* UIButton+Event.h */,
				CA4D01251FD7DB6D00CAA5CF /* UIButton+Event.m */,
			);
			path = UIButton;
			sourceTree = "<group>";
		};
		CA7D2D1C213E70E400BC2640 /* GeneralCell */ = {
			isa = PBXGroup;
			children = (
				CA7D2D1D213E720E00BC2640 /* WTPublicCell.h */,
				CA7D2D1E213E720E00BC2640 /* WTPublicCell.m */,
			);
			path = GeneralCell;
			sourceTree = "<group>";
		};
		CA7D2D23213E747900BC2640 /* TopSheetViewController */ = {
			isa = PBXGroup;
			children = (
				CA7D2D20213E746A00BC2640 /* TopSheetViewController.h */,
				CA7D2D21213E746A00BC2640 /* TopSheetViewController.m */,
			);
			path = TopSheetViewController;
			sourceTree = "<group>";
		};
		CAA155871FB1638700FCB984 /* Stepper */ = {
			isa = PBXGroup;
			children = (
				CAA155881FB1638700FCB984 /* StepperView.h */,
				CAA155891FB1638700FCB984 /* StepperView.m */,
				CAA1558A1FB1638700FCB984 /* StepperView.xib */,
			);
			path = Stepper;
			sourceTree = "<group>";
		};
		CAA1558D1FB18EE800FCB984 /* StarView */ = {
			isa = PBXGroup;
			children = (
				CAA1558E1FB18EE800FCB984 /* StarView.h */,
				CAA1558F1FB18EE800FCB984 /* StarView.m */,
			);
			path = StarView;
			sourceTree = "<group>";
		};
		CAA155911FB195E900FCB984 /* MenuSelectView */ = {
			isa = PBXGroup;
			children = (
				CAA155921FB195E900FCB984 /* MenuSelectItem.h */,
				CAA155931FB195E900FCB984 /* MenuSelectItem.m */,
				CAA155941FB195E900FCB984 /* MenuSelectTableViewCell.h */,
				CAA155951FB195E900FCB984 /* MenuSelectTableViewCell.m */,
				CAA155961FB195E900FCB984 /* MenuSelectViewController.h */,
				CAA155971FB195E900FCB984 /* MenuSelectViewController.m */,
			);
			path = MenuSelectView;
			sourceTree = "<group>";
		};
		CABA35C720AEAACA0020F08F /* ChooseMenuViewController */ = {
			isa = PBXGroup;
			children = (
				CABA367720B00AD40020F08F /* Resource */,
				CABA35D020AEABF60020F08F /* CompanySelectTypeItem.h */,
				CABA35CF20AEABF60020F08F /* CompanySelectTypeItem.m */,
				CABA35C820AEAB500020F08F /* ChooseMenuViewController.h */,
				CABA35C920AEAB500020F08F /* ChooseMenuViewController.m */,
				CABA35CC20AEABCC0020F08F /* MenuToolBar.h */,
				CABA35CD20AEABCC0020F08F /* MenuToolBar.m */,
				CABA35D320AEAC030020F08F /* CompanySelectTypeCell.h */,
				CABA35D420AEAC030020F08F /* CompanySelectTypeCell.m */,
				CABA35D220AEAC020020F08F /* CompanySelectTypeCell.xib */,
			);
			path = ChooseMenuViewController;
			sourceTree = "<group>";
		};
		CABA35D720AEAC980020F08F /* Vender */ = {
			isa = PBXGroup;
			children = (
				CABA364920AEAF040020F08F /* Masonry */,
				CABA35D820AEAD080020F08F /* MJExtension */,
			);
			path = Vender;
			sourceTree = "<group>";
		};
		CABA35D820AEAD080020F08F /* MJExtension */ = {
			isa = PBXGroup;
			children = (
				CABA35D920AEAD080020F08F /* MJPropertyKey.h */,
				CABA35DA20AEAD080020F08F /* NSObject+MJClass.h */,
				CABA35DB20AEAD080020F08F /* NSString+MJExtension.h */,
				CABA35DC20AEAD080020F08F /* MJPropertyType.m */,
				CABA35DD20AEAD080020F08F /* NSObject+MJProperty.h */,
				CABA35DE20AEAD080020F08F /* MJExtensionConst.h */,
				CABA35DF20AEAD080020F08F /* NSObject+MJKeyValue.m */,
				CABA35E020AEAD080020F08F /* MJProperty.m */,
				CABA35E120AEAD080020F08F /* MJFoundation.h */,
				CABA35E220AEAD080020F08F /* NSObject+MJCoding.m */,
				CABA35E320AEAD080020F08F /* MJExtension.h */,
				CABA35E420AEAD080020F08F /* MJExtensionConst.m */,
				CABA35E520AEAD080020F08F /* NSObject+MJProperty.m */,
				CABA35E620AEAD080020F08F /* MJPropertyType.h */,
				CABA35E720AEAD080020F08F /* NSObject+MJClass.m */,
				CABA35E820AEAD080020F08F /* NSString+MJExtension.m */,
				CABA35E920AEAD080020F08F /* MJPropertyKey.m */,
				CABA35EA20AEAD080020F08F /* MJProperty.h */,
				CABA35EB20AEAD080020F08F /* NSObject+MJKeyValue.h */,
				CABA35EC20AEAD080020F08F /* NSObject+MJCoding.h */,
				CABA35ED20AEAD080020F08F /* Info.plist */,
				CABA35EE20AEAD080020F08F /* MJFoundation.m */,
			);
			path = MJExtension;
			sourceTree = "<group>";
		};
		CABA364920AEAF040020F08F /* Masonry */ = {
			isa = PBXGroup;
			children = (
				CABA364A20AEAF040020F08F /* MASCompositeConstraint.h */,
				CABA364B20AEAF040020F08F /* NSLayoutConstraint+MASDebugAdditions.m */,
				CABA364C20AEAF040020F08F /* MASConstraint+Private.h */,
				CABA364D20AEAF040020F08F /* MASLayoutConstraint.h */,
				CABA364E20AEAF040020F08F /* NSArray+MASShorthandAdditions.h */,
				CABA364F20AEAF040020F08F /* MASConstraintMaker.h */,
				CABA365020AEAF040020F08F /* View+MASAdditions.h */,
				CABA365120AEAF040020F08F /* NSArray+MASAdditions.h */,
				CABA365220AEAF040020F08F /* MASUtilities.h */,
				CABA365320AEAF040020F08F /* MASViewAttribute.h */,
				CABA365420AEAF040020F08F /* ViewController+MASAdditions.m */,
				CABA365520AEAF040020F08F /* MASViewConstraint.h */,
				CABA365620AEAF040020F08F /* MASConstraint.h */,
				CABA365720AEAF040020F08F /* NSLayoutConstraint+MASDebugAdditions.h */,
				CABA365820AEAF040020F08F /* MASCompositeConstraint.m */,
				CABA365920AEAF040020F08F /* MASConstraintMaker.m */,
				CABA365A20AEAF040020F08F /* MASLayoutConstraint.m */,
				CABA365B20AEAF040020F08F /* NSArray+MASAdditions.m */,
				CABA365C20AEAF040020F08F /* View+MASAdditions.m */,
				CABA365D20AEAF040020F08F /* View+MASShorthandAdditions.h */,
				CABA365E20AEAF040020F08F /* Masonry.h */,
				CABA365F20AEAF040020F08F /* MASConstraint.m */,
				CABA366020AEAF040020F08F /* ViewController+MASAdditions.h */,
				CABA366120AEAF040020F08F /* MASViewConstraint.m */,
				CABA366220AEAF040020F08F /* MASViewAttribute.m */,
				CABA366320AEAF040020F08F /* Info.plist */,
			);
			path = Masonry;
			sourceTree = "<group>";
		};
		CABA367720B00AD40020F08F /* Resource */ = {
			isa = PBXGroup;
			children = (
				CABA367320B00ACE0020F08F /* selected_btn@2x.png */,
				CABA367420B00ACE0020F08F /* selected_btn@3x.png */,
				CABA362020AEAD450020F08F /* CompanySelectType.plist */,
			);
			path = Resource;
			sourceTree = "<group>";
		};
		CAC0FE8A1FB1A308000CF49D /* SegmentedController */ = {
			isa = PBXGroup;
			children = (
				CAC0FE8B1FB1A308000CF49D /* SegmentedController.h */,
				CAC0FE8C1FB1A308000CF49D /* SegmentedController.m */,
			);
			path = SegmentedController;
			sourceTree = "<group>";
		};
		CAC0FE8E1FB1A54F000CF49D /* Category */ = {
			isa = PBXGroup;
			children = (
				CA4D01231FD7DB4300CAA5CF /* UIButton */,
				CAC0FE8F1FB1A574000CF49D /* UIView */,
			);
			path = Category;
			sourceTree = "<group>";
		};
		CAC0FE8F1FB1A574000CF49D /* UIView */ = {
			isa = PBXGroup;
			children = (
				CAC0FE901FB1A574000CF49D /* UIView+Frame.h */,
				CAC0FE911FB1A574000CF49D /* UIView+Frame.m */,
				CA7D2D24213E755600BC2640 /* UIView+BorderLine.h */,
				CA7D2D25213E755600BC2640 /* UIView+BorderLine.m */,
			);
			path = UIView;
			sourceTree = "<group>";
		};
		CAE945AB214B5E58000D17BE /* TitlePickerViewControll */ = {
			isa = PBXGroup;
			children = (
				CAE945AC214B5E8D000D17BE /* TitlePickerViewController.h */,
				CAE945AD214B5E8D000D17BE /* TitlePickerViewController.m */,
			);
			path = TitlePickerViewControll;
			sourceTree = "<group>";
		};
		CAF555CE1FB1448C00CD57F9 = {
			isa = PBXGroup;
			children = (
				CAF555D91FB1448C00CD57F9 /* WTCustomUIKit */,
				CAF555D81FB1448C00CD57F9 /* Products */,
			);
			sourceTree = "<group>";
		};
		CAF555D81FB1448C00CD57F9 /* Products */ = {
			isa = PBXGroup;
			children = (
				CAF555D71FB1448C00CD57F9 /* WTCustomUIKit.app */,
			);
			name = Products;
			sourceTree = "<group>";
		};
		CAF555D91FB1448C00CD57F9 /* WTCustomUIKit */ = {
			isa = PBXGroup;
			children = (
				CABA35D720AEAC980020F08F /* Vender */,
				CAC0FE8E1FB1A54F000CF49D /* Category */,
				CAF555F21FB14F3C00CD57F9 /* CustomUIKit */,
				CAF555F11FB144F700CD57F9 /* AppDelegate */,
				CAF555F01FB144B600CD57F9 /* OtherSource */,
				CAF555DD1FB1448C00CD57F9 /* ViewController.h */,
				CAF555DE1FB1448C00CD57F9 /* ViewController.m */,
				CA7D2D2D213E7E7200BC2640 /* TopSheetDemoViewController.h */,
				CA7D2D2E213E7E7200BC2640 /* TopSheetDemoViewController.m */,
				CA7D2D2F213E7E7200BC2640 /* TopSheetDemoViewController.xib */,
				CA7D2D2A213E772B00BC2640 /* PublicCellListTableViewController.h */,
				CA7D2D2B213E772B00BC2640 /* PublicCellListTableViewController.m */,
				CAC0FE931FB1A7CF000CF49D /* TestViewController.h */,
				CAC0FE941FB1A7CF000CF49D /* TestViewController.m */,
				CAF5560A1FB1516000CD57F9 /* ViewController+HotelCalendarViewController.h */,
				CAF5560B1FB1516000CD57F9 /* ViewController+HotelCalendarViewController.m */,
			);
			path = WTCustomUIKit;
			sourceTree = "<group>";
		};
		CAF555F01FB144B600CD57F9 /* OtherSource */ = {
			isa = PBXGroup;
			children = (
				CAF555E01FB1448C00CD57F9 /* Main.storyboard */,
				CAF555E31FB1448C00CD57F9 /* Assets.xcassets */,
				CAF555E51FB1448C00CD57F9 /* LaunchScreen.storyboard */,
				CAF555E81FB1448C00CD57F9 /* Info.plist */,
				CAF555E91FB1448C00CD57F9 /* main.m */,
			);
			path = OtherSource;
			sourceTree = "<group>";
		};
		CAF555F11FB144F700CD57F9 /* AppDelegate */ = {
			isa = PBXGroup;
			children = (
				CAF555DA1FB1448C00CD57F9 /* AppDelegate.h */,
				CAF555DB1FB1448C00CD57F9 /* AppDelegate.m */,
			);
			path = AppDelegate;
			sourceTree = "<group>";
		};
		CAF555F21FB14F3C00CD57F9 /* CustomUIKit */ = {
			isa = PBXGroup;
			children = (
				CA2C316E21B5150700F78F79 /* FeatureGuide */,
				CAE945AB214B5E58000D17BE /* TitlePickerViewControll */,
				CA7D2D23213E747900BC2640 /* TopSheetViewController */,
				CA7D2D1C213E70E400BC2640 /* GeneralCell */,
				CABA35C720AEAACA0020F08F /* ChooseMenuViewController */,
				CAC0FE8A1FB1A308000CF49D /* SegmentedController */,
				CAA155911FB195E900FCB984 /* MenuSelectView */,
				CAA1558D1FB18EE800FCB984 /* StarView */,
				CAA155871FB1638700FCB984 /* Stepper */,
				CAF556101FB15B2300CD57F9 /* DatePickerView */,
				CAF555F31FB14F5800CD57F9 /* HotelCalendar */,
			);
			path = CustomUIKit;
			sourceTree = "<group>";
		};
		CAF555F31FB14F5800CD57F9 /* HotelCalendar */ = {
			isa = PBXGroup;
			children = (
				CAF555F41FB14F5800CD57F9 /* CalendarCell */,
				CAF555FB1FB14F5800CD57F9 /* Category */,
				CAF555FE1FB14F5800CD57F9 /* CollectionViewFlowLayout */,
				CAF5560D1FB153C700CD57F9 /* HotelCalendarViewController.h */,
				CAF5560E1FB153C700CD57F9 /* HotelCalendarViewController.m */,
			);
			path = HotelCalendar;
			sourceTree = "<group>";
		};
		CAF555F41FB14F5800CD57F9 /* CalendarCell */ = {
			isa = PBXGroup;
			children = (
				CAF555F51FB14F5800CD57F9 /* HotelCalendarCell.h */,
				CAF555F61FB14F5800CD57F9 /* HotelCalendarCell.m */,
				CAF555F71FB14F5800CD57F9 /* HotelCalendarCell.xib */,
				CAF555F81FB14F5800CD57F9 /* HotelCalendarHeaderReusableView.h */,
				CAF555F91FB14F5800CD57F9 /* HotelCalendarHeaderReusableView.m */,
				CAF555FA1FB14F5800CD57F9 /* HotelCalendarHeaderReusableView.xib */,
			);
			path = CalendarCell;
			sourceTree = "<group>";
		};
		CAF555FB1FB14F5800CD57F9 /* Category */ = {
			isa = PBXGroup;
			children = (
				CAF555FC1FB14F5800CD57F9 /* NSCalendar+Ex.h */,
				CAF555FD1FB14F5800CD57F9 /* NSCalendar+Ex.m */,
			);
			path = Category;
			sourceTree = "<group>";
		};
		CAF555FE1FB14F5800CD57F9 /* CollectionViewFlowLayout */ = {
			isa = PBXGroup;
			children = (
				CAF555FF1FB14F5800CD57F9 /* HotelCalendarCollectionViewFlowLayout.h */,
				CAF556001FB14F5800CD57F9 /* HotelCalendarCollectionViewFlowLayout.m */,
			);
			path = CollectionViewFlowLayout;
			sourceTree = "<group>";
		};
		CAF556101FB15B2300CD57F9 /* DatePickerView */ = {
			isa = PBXGroup;
			children = (
				CAF556131FB15BA200CD57F9 /* DatePickerViewController.h */,
				CAF556141FB15BA200CD57F9 /* DatePickerViewController.m */,
			);
			path = DatePickerView;
			sourceTree = "<group>";
		};
/* End PBXGroup section */

/* Begin PBXNativeTarget section */
		CAF555D61FB1448C00CD57F9 /* WTCustomUIKit */ = {
			isa = PBXNativeTarget;
			buildConfigurationList = CAF555ED1FB1448C00CD57F9 /* Build configuration list for PBXNativeTarget "WTCustomUIKit" */;
			buildPhases = (
				CAF555D31FB1448C00CD57F9 /* Sources */,
				CAF555D41FB1448C00CD57F9 /* Frameworks */,
				CAF555D51FB1448C00CD57F9 /* Resources */,
			);
			buildRules = (
			);
			dependencies = (
			);
			name = WTCustomUIKit;
			productName = WTCustomUIKit;
			productReference = CAF555D71FB1448C00CD57F9 /* WTCustomUIKit.app */;
			productType = "com.apple.product-type.application";
		};
/* End PBXNativeTarget section */

/* Begin PBXProject section */
		CAF555CF1FB1448C00CD57F9 /* Project object */ = {
			isa = PBXProject;
			attributes = {
				LastUpgradeCheck = 0930;
				ORGANIZATIONNAME = Wynter;
				TargetAttributes = {
					CAF555D61FB1448C00CD57F9 = {
						CreatedOnToolsVersion = 9.0;
						ProvisioningStyle = Automatic;
					};
				};
			};
			buildConfigurationList = CAF555D21FB1448C00CD57F9 /* Build configuration list for PBXProject "WTCustomUIKit" */;
			compatibilityVersion = "Xcode 8.0";
			developmentRegion = en;
			hasScannedForEncodings = 0;
			knownRegions = (
				en,
				Base,
			);
			mainGroup = CAF555CE1FB1448C00CD57F9;
			productRefGroup = CAF555D81FB1448C00CD57F9 /* Products */;
			projectDirPath = "";
			projectRoot = "";
			targets = (
				CAF555D61FB1448C00CD57F9 /* WTCustomUIKit */,
			);
		};
/* End PBXProject section */

/* Begin PBXResourcesBuildPhase section */
		CAF555D51FB1448C00CD57F9 /* Resources */ = {
			isa = PBXResourcesBuildPhase;
			buildActionMask = 2147483647;
			files = (
				CABA35F820AEAD080020F08F /* Info.plist in Resources */,
				CAA1558C1FB1863E00FCB984 /* StepperView.xib in Resources */,
				CA7D2D31213E7E7200BC2640 /* TopSheetDemoViewController.xib in Resources */,
				CABA362120AEAD450020F08F /* CompanySelectType.plist in Resources */,
				CABA35D520AEAC030020F08F /* CompanySelectTypeCell.xib in Resources */,
				CAF556081FB1501700CD57F9 /* HotelCalendarCell.xib in Resources */,
				CABA367620B00ACE0020F08F /* selected_btn@3x.png in Resources */,
				CAF556091FB1501700CD57F9 /* HotelCalendarHeaderReusableView.xib in Resources */,
				CAF555E71FB1448C00CD57F9 /* LaunchScreen.storyboard in Resources */,
				CAF555E41FB1448C00CD57F9 /* Assets.xcassets in Resources */,
				CABA366E20AEAF050020F08F /* Info.plist in Resources */,
				CABA367520B00ACE0020F08F /* selected_btn@2x.png in Resources */,
				CAF555E21FB1448C00CD57F9 /* Main.storyboard in Resources */,
			);
			runOnlyForDeploymentPostprocessing = 0;
		};
/* End PBXResourcesBuildPhase section */

/* Begin PBXSourcesBuildPhase section */
		CAF555D31FB1448C00CD57F9 /* Sources */ = {
			isa = PBXSourcesBuildPhase;
			buildActionMask = 2147483647;
			files = (
				CAC0FE921FB1A57C000CF49D /* UIView+Frame.m in Sources */,
				CAC0FE8D1FB1A308000CF49D /* SegmentedController.m in Sources */,
				CABA366920AEAF050020F08F /* NSArray+MASAdditions.m in Sources */,
				CABA35D120AEABF60020F08F /* CompanySelectTypeItem.m in Sources */,
				CABA35F520AEAD080020F08F /* NSObject+MJClass.m in Sources */,
				CABA366620AEAF050020F08F /* MASCompositeConstraint.m in Sources */,
				CAA1559A1FB195E900FCB984 /* MenuSelectViewController.m in Sources */,
				CAE945AE214B5E8D000D17BE /* TitlePickerViewController.m in Sources */,
				CAA1558B1FB1863700FCB984 /* StepperView.m in Sources */,
				CAF556031FB1500700CD57F9 /* HotelCalendarCell.m in Sources */,
				CABA35CE20AEABCC0020F08F /* MenuToolBar.m in Sources */,
				CA4D01261FD7DB6D00CAA5CF /* UIButton+Event.m in Sources */,
				CABA35CA20AEAB500020F08F /* ChooseMenuViewController.m in Sources */,
				CABA35EF20AEAD080020F08F /* MJPropertyType.m in Sources */,
				CABA366520AEAF050020F08F /* ViewController+MASAdditions.m in Sources */,
				CAA155901FB18EE800FCB984 /* StarView.m in Sources */,
				CABA35F920AEAD080020F08F /* MJFoundation.m in Sources */,
				CABA366420AEAF050020F08F /* NSLayoutConstraint+MASDebugAdditions.m in Sources */,
				CABA35F620AEAD080020F08F /* NSString+MJExtension.m in Sources */,
				CAC0FE951FB1A7CF000CF49D /* TestViewController.m in Sources */,
				CAF556041FB1500700CD57F9 /* HotelCalendarHeaderReusableView.m in Sources */,
				CABA35F720AEAD080020F08F /* MJPropertyKey.m in Sources */,
				CA7D2D22213E746A00BC2640 /* TopSheetViewController.m in Sources */,
				CABA366D20AEAF050020F08F /* MASViewAttribute.m in Sources */,
				CA7D2D30213E7E7200BC2640 /* TopSheetDemoViewController.m in Sources */,
				CABA35F020AEAD080020F08F /* NSObject+MJKeyValue.m in Sources */,
				CABA35D620AEAC030020F08F /* CompanySelectTypeCell.m in Sources */,
				CAF556051FB1500700CD57F9 /* NSCalendar+Ex.m in Sources */,
				CABA366B20AEAF050020F08F /* MASConstraint.m in Sources */,
				CABA35F420AEAD080020F08F /* NSObject+MJProperty.m in Sources */,
				CABA366820AEAF050020F08F /* MASLayoutConstraint.m in Sources */,
				CABA35F320AEAD080020F08F /* MJExtensionConst.m in Sources */,
				CAF556061FB1500700CD57F9 /* HotelCalendarCollectionViewFlowLayout.m in Sources */,
				CA2C317321B5158500F78F79 /* WTFeatureGuideViewController.m in Sources */,
				CABA366A20AEAF050020F08F /* View+MASAdditions.m in Sources */,
				CABA35F120AEAD080020F08F /* MJProperty.m in Sources */,
				CABA366720AEAF050020F08F /* MASConstraintMaker.m in Sources */,
				CAF555DF1FB1448C00CD57F9 /* ViewController.m in Sources */,
				CAF5560C1FB1516000CD57F9 /* ViewController+HotelCalendarViewController.m in Sources */,
				CA7D2D1F213E720E00BC2640 /* WTPublicCell.m in Sources */,
				CAF5560F1FB153C700CD57F9 /* HotelCalendarViewController.m in Sources */,
				CAF555EA1FB1448C00CD57F9 /* main.m in Sources */,
				CAA155991FB195E900FCB984 /* MenuSelectTableViewCell.m in Sources */,
				CABA35F220AEAD080020F08F /* NSObject+MJCoding.m in Sources */,
				CAA155981FB195E900FCB984 /* MenuSelectItem.m in Sources */,
				CA7D2D26213E755600BC2640 /* UIView+BorderLine.m in Sources */,
				CABA366C20AEAF050020F08F /* MASViewConstraint.m in Sources */,
				CAF556151FB15BA200CD57F9 /* DatePickerViewController.m in Sources */,
				CA7D2D2C213E772B00BC2640 /* PublicCellListTableViewController.m in Sources */,
				CAF555DC1FB1448C00CD57F9 /* AppDelegate.m in Sources */,
			);
			runOnlyForDeploymentPostprocessing = 0;
		};
/* End PBXSourcesBuildPhase section */

/* Begin PBXVariantGroup section */
		CAF555E01FB1448C00CD57F9 /* Main.storyboard */ = {
			isa = PBXVariantGroup;
			children = (
				CAF555E11FB1448C00CD57F9 /* Base */,
			);
			name = Main.storyboard;
			sourceTree = "<group>";
		};
		CAF555E51FB1448C00CD57F9 /* LaunchScreen.storyboard */ = {
			isa = PBXVariantGroup;
			children = (
				CAF555E61FB1448C00CD57F9 /* Base */,
			);
			name = LaunchScreen.storyboard;
			sourceTree = "<group>";
		};
/* End PBXVariantGroup section */

/* Begin XCBuildConfiguration section */
		CAF555EB1FB1448C00CD57F9 /* Debug */ = {
			isa = XCBuildConfiguration;
			buildSettings = {
				ALWAYS_SEARCH_USER_PATHS = NO;
				CLANG_ANALYZER_NONNULL = YES;
				CLANG_ANALYZER_NUMBER_OBJECT_CONVERSION = YES_AGGRESSIVE;
				CLANG_CXX_LANGUAGE_STANDARD = "gnu++14";
				CLANG_CXX_LIBRARY = "libc++";
				CLANG_ENABLE_MODULES = YES;
				CLANG_ENABLE_OBJC_ARC = YES;
				CLANG_WARN_BLOCK_CAPTURE_AUTORELEASING = YES;
				CLANG_WARN_BOOL_CONVERSION = YES;
				CLANG_WARN_COMMA = YES;
				CLANG_WARN_CONSTANT_CONVERSION = YES;
				CLANG_WARN_DEPRECATED_OBJC_IMPLEMENTATIONS = YES;
				CLANG_WARN_DIRECT_OBJC_ISA_USAGE = YES_ERROR;
				CLANG_WARN_DOCUMENTATION_COMMENTS = YES;
				CLANG_WARN_EMPTY_BODY = YES;
				CLANG_WARN_ENUM_CONVERSION = YES;
				CLANG_WARN_INFINITE_RECURSION = YES;
				CLANG_WARN_INT_CONVERSION = YES;
				CLANG_WARN_NON_LITERAL_NULL_CONVERSION = YES;
				CLANG_WARN_OBJC_IMPLICIT_RETAIN_SELF = YES;
				CLANG_WARN_OBJC_LITERAL_CONVERSION = YES;
				CLANG_WARN_OBJC_ROOT_CLASS = YES_ERROR;
				CLANG_WARN_RANGE_LOOP_ANALYSIS = YES;
				CLANG_WARN_STRICT_PROTOTYPES = YES;
				CLANG_WARN_SUSPICIOUS_MOVE = YES;
				CLANG_WARN_UNGUARDED_AVAILABILITY = YES_AGGRESSIVE;
				CLANG_WARN_UNREACHABLE_CODE = YES;
				CLANG_WARN__DUPLICATE_METHOD_MATCH = YES;
				CODE_SIGN_IDENTITY = "iPhone Developer";
				COPY_PHASE_STRIP = NO;
				DEBUG_INFORMATION_FORMAT = dwarf;
				ENABLE_STRICT_OBJC_MSGSEND = YES;
				ENABLE_TESTABILITY = YES;
				GCC_C_LANGUAGE_STANDARD = gnu11;
				GCC_DYNAMIC_NO_PIC = NO;
				GCC_NO_COMMON_BLOCKS = YES;
				GCC_OPTIMIZATION_LEVEL = 0;
				GCC_PREPROCESSOR_DEFINITIONS = (
					"DEBUG=1",
					"$(inherited)",
				);
				GCC_WARN_64_TO_32_BIT_CONVERSION = YES;
				GCC_WARN_ABOUT_RETURN_TYPE = YES_ERROR;
				GCC_WARN_UNDECLARED_SELECTOR = YES;
				GCC_WARN_UNINITIALIZED_AUTOS = YES_AGGRESSIVE;
				GCC_WARN_UNUSED_FUNCTION = YES;
				GCC_WARN_UNUSED_VARIABLE = YES;
				IPHONEOS_DEPLOYMENT_TARGET = 11.0;
				MTL_ENABLE_DEBUG_INFO = YES;
				ONLY_ACTIVE_ARCH = YES;
				SDKROOT = iphoneos;
			};
			name = Debug;
		};
		CAF555EC1FB1448C00CD57F9 /* Release */ = {
			isa = XCBuildConfiguration;
			buildSettings = {
				ALWAYS_SEARCH_USER_PATHS = NO;
				CLANG_ANALYZER_NONNULL = YES;
				CLANG_ANALYZER_NUMBER_OBJECT_CONVERSION = YES_AGGRESSIVE;
				CLANG_CXX_LANGUAGE_STANDARD = "gnu++14";
				CLANG_CXX_LIBRARY = "libc++";
				CLANG_ENABLE_MODULES = YES;
				CLANG_ENABLE_OBJC_ARC = YES;
				CLANG_WARN_BLOCK_CAPTURE_AUTORELEASING = YES;
				CLANG_WARN_BOOL_CONVERSION = YES;
				CLANG_WARN_COMMA = YES;
				CLANG_WARN_CONSTANT_CONVERSION = YES;
				CLANG_WARN_DEPRECATED_OBJC_IMPLEMENTATIONS = YES;
				CLANG_WARN_DIRECT_OBJC_ISA_USAGE = YES_ERROR;
				CLANG_WARN_DOCUMENTATION_COMMENTS = YES;
				CLANG_WARN_EMPTY_BODY = YES;
				CLANG_WARN_ENUM_CONVERSION = YES;
				CLANG_WARN_INFINITE_RECURSION = YES;
				CLANG_WARN_INT_CONVERSION = YES;
				CLANG_WARN_NON_LITERAL_NULL_CONVERSION = YES;
				CLANG_WARN_OBJC_IMPLICIT_RETAIN_SELF = YES;
				CLANG_WARN_OBJC_LITERAL_CONVERSION = YES;
				CLANG_WARN_OBJC_ROOT_CLASS = YES_ERROR;
				CLANG_WARN_RANGE_LOOP_ANALYSIS = YES;
				CLANG_WARN_STRICT_PROTOTYPES = YES;
				CLANG_WARN_SUSPICIOUS_MOVE = YES;
				CLANG_WARN_UNGUARDED_AVAILABILITY = YES_AGGRESSIVE;
				CLANG_WARN_UNREACHABLE_CODE = YES;
				CLANG_WARN__DUPLICATE_METHOD_MATCH = YES;
				CODE_SIGN_IDENTITY = "iPhone Developer";
				COPY_PHASE_STRIP = NO;
				DEBUG_INFORMATION_FORMAT = "dwarf-with-dsym";
				ENABLE_NS_ASSERTIONS = NO;
				ENABLE_STRICT_OBJC_MSGSEND = YES;
				GCC_C_LANGUAGE_STANDARD = gnu11;
				GCC_NO_COMMON_BLOCKS = YES;
				GCC_WARN_64_TO_32_BIT_CONVERSION = YES;
				GCC_WARN_ABOUT_RETURN_TYPE = YES_ERROR;
				GCC_WARN_UNDECLARED_SELECTOR = YES;
				GCC_WARN_UNINITIALIZED_AUTOS = YES_AGGRESSIVE;
				GCC_WARN_UNUSED_FUNCTION = YES;
				GCC_WARN_UNUSED_VARIABLE = YES;
				IPHONEOS_DEPLOYMENT_TARGET = 11.0;
				MTL_ENABLE_DEBUG_INFO = NO;
				SDKROOT = iphoneos;
				VALIDATE_PRODUCT = YES;
			};
			name = Release;
		};
		CAF555EE1FB1448C00CD57F9 /* Debug */ = {
			isa = XCBuildConfiguration;
			buildSettings = {
				ASSETCATALOG_COMPILER_APPICON_NAME = AppIcon;
				CODE_SIGN_STYLE = Automatic;
				DEVELOPMENT_TEAM = 7P64MZ97H2;
				INFOPLIST_FILE = "$(SRCROOT)/WTCustomUIKit/OtherSource/Info.plist";
				IPHONEOS_DEPLOYMENT_TARGET = 10.0;
				LD_RUNPATH_SEARCH_PATHS = "$(inherited) @executable_path/Frameworks";
				PRODUCT_BUNDLE_IDENTIFIER = com.rc.LanXiTour;
				PRODUCT_NAME = "$(TARGET_NAME)";
				TARGETED_DEVICE_FAMILY = 1;
			};
			name = Debug;
		};
		CAF555EF1FB1448C00CD57F9 /* Release */ = {
			isa = XCBuildConfiguration;
			buildSettings = {
				ASSETCATALOG_COMPILER_APPICON_NAME = AppIcon;
				CODE_SIGN_STYLE = Automatic;
				DEVELOPMENT_TEAM = 7P64MZ97H2;
				INFOPLIST_FILE = "$(SRCROOT)/WTCustomUIKit/OtherSource/Info.plist";
				IPHONEOS_DEPLOYMENT_TARGET = 10.0;
				LD_RUNPATH_SEARCH_PATHS = "$(inherited) @executable_path/Frameworks";
				PRODUCT_BUNDLE_IDENTIFIER = com.rc.LanXiTour;
				PRODUCT_NAME = "$(TARGET_NAME)";
				TARGETED_DEVICE_FAMILY = 1;
			};
			name = Release;
		};
/* End XCBuildConfiguration section */

/* Begin XCConfigurationList section */
		CAF555D21FB1448C00CD57F9 /* Build configuration list for PBXProject "WTCustomUIKit" */ = {
			isa = XCConfigurationList;
			buildConfigurations = (
				CAF555EB1FB1448C00CD57F9 /* Debug */,
				CAF555EC1FB1448C00CD57F9 /* Release */,
			);
			defaultConfigurationIsVisible = 0;
			defaultConfigurationName = Release;
		};
		CAF555ED1FB1448C00CD57F9 /* Build configuration list for PBXNativeTarget "WTCustomUIKit" */ = {
			isa = XCConfigurationList;
			buildConfigurations = (
				CAF555EE1FB1448C00CD57F9 /* Debug */,
				CAF555EF1FB1448C00CD57F9 /* Release */,
			);
			defaultConfigurationIsVisible = 0;
			defaultConfigurationName = Release;
		};
/* End XCConfigurationList section */
	};
	rootObject = CAF555CF1FB1448C00CD57F9 /* Project object */;
}
